// !$*UTF8*$!
{
	archiveVersion = 1;
	classes = {
	};
	objectVersion = 46;
	objects = {

/* Begin PBXBuildFile section */
		880BA5651F037BEA00B24122 /* main.m in Sources */ = {isa = PBXBuildFile; fileRef = 880BA5641F037BEA00B24122 /* main.m */; };
		880BA5681F037BEA00B24122 /* AppDelegate.m in Sources */ = {isa = PBXBuildFile; fileRef = 880BA5671F037BEA00B24122 /* AppDelegate.m */; };
		880BA56B1F037BEA00B24122 /* ViewController.m in Sources */ = {isa = PBXBuildFile; fileRef = 880BA56A1F037BEA00B24122 /* ViewController.m */; };
		880BA56E1F037BEA00B24122 /* Main.storyboard in Resources */ = {isa = PBXBuildFile; fileRef = 880BA56C1F037BEA00B24122 /* Main.storyboard */; };
		880BA5701F037BEA00B24122 /* Assets.xcassets in Resources */ = {isa = PBXBuildFile; fileRef = 880BA56F1F037BEA00B24122 /* Assets.xcassets */; };
		880BA5731F037BEA00B24122 /* LaunchScreen.storyboard in Resources */ = {isa = PBXBuildFile; fileRef = 880BA5711F037BEA00B24122 /* LaunchScreen.storyboard */; };
		880BA5811F03836300B24122 /* AEController.m in Sources */ = {isa = PBXBuildFile; fileRef = 880BA5801F03836300B24122 /* AEController.m */; };
		880BA5841F0383D300B24122 /* AERunInfo.m in Sources */ = {isa = PBXBuildFile; fileRef = 880BA5831F0383D300B24122 /* AERunInfo.m */; };
		880BA5871F03840000B24122 /* AEParam.m in Sources */ = {isa = PBXBuildFile; fileRef = 880BA5861F03840000B24122 /* AEParam.m */; };
		880BA58A1F03858900B24122 /* UIView+AnimationEffect.m in Sources */ = {isa = PBXBuildFile; fileRef = 880BA5891F03858900B24122 /* UIView+AnimationEffect.m */; };
		880BA58E1F039FB000B24122 /* UIView+AEBuilder.m in Sources */ = {isa = PBXBuildFile; fileRef = 880BA58D1F039FB000B24122 /* UIView+AEBuilder.m */; };
		880BA5911F03BCDF00B24122 /* UILabel+AEExtension.m in Sources */ = {isa = PBXBuildFile; fileRef = 880BA5901F03BCDF00B24122 /* UILabel+AEExtension.m */; };
		88A4650E1F135ABC00EA217A /* AERunInfoCluster.m in Sources */ = {isa = PBXBuildFile; fileRef = 88A4650D1F135ABC00EA217A /* AERunInfoCluster.m */; };
		88A465111F135EA000EA217A /* AEViewParam.m in Sources */ = {isa = PBXBuildFile; fileRef = 88A465101F135EA000EA217A /* AEViewParam.m */; };
/* End PBXBuildFile section */

/* Begin PBXFileReference section */
		880BA5601F037BEA00B24122 /* AnimationEffect.app */ = {isa = PBXFileReference; explicitFileType = wrapper.application; includeInIndex = 0; path = AnimationEffect.app; sourceTree = BUILT_PRODUCTS_DIR; };
		880BA5641F037BEA00B24122 /* main.m */ = {isa = PBXFileReference; lastKnownFileType = sourcecode.c.objc; path = main.m; sourceTree = "<group>"; };
		880BA5661F037BEA00B24122 /* AppDelegate.h */ = {isa = PBXFileReference; lastKnownFileType = sourcecode.c.h; path = AppDelegate.h; sourceTree = "<group>"; };
		880BA5671F037BEA00B24122 /* AppDelegate.m */ = {isa = PBXFileReference; lastKnownFileType = sourcecode.c.objc; path = AppDelegate.m; sourceTree = "<group>"; };
		880BA5691F037BEA00B24122 /* ViewController.h */ = {isa = PBXFileReference; lastKnownFileType = sourcecode.c.h; path = ViewController.h; sourceTree = "<group>"; };
		880BA56A1F037BEA00B24122 /* ViewController.m */ = {isa = PBXFileReference; lastKnownFileType = sourcecode.c.objc; path = ViewController.m; sourceTree = "<group>"; };
		880BA56D1F037BEA00B24122 /* Base */ = {isa = PBXFileReference; lastKnownFileType = file.storyboard; name = Base; path = Base.lproj/Main.storyboard; sourceTree = "<group>"; };
		880BA56F1F037BEA00B24122 /* Assets.xcassets */ = {isa = PBXFileReference; lastKnownFileType = folder.assetcatalog; path = Assets.xcassets; sourceTree = "<group>"; };
		880BA5721F037BEA00B24122 /* Base */ = {isa = PBXFileReference; lastKnownFileType = file.storyboard; name = Base; path = Base.lproj/LaunchScreen.storyboard; sourceTree = "<group>"; };
		880BA5741F037BEA00B24122 /* Info.plist */ = {isa = PBXFileReference; lastKnownFileType = text.plist.xml; path = Info.plist; sourceTree = "<group>"; };
		880BA57F1F03836300B24122 /* AEController.h */ = {isa = PBXFileReference; fileEncoding = 4; lastKnownFileType = sourcecode.c.h; path = AEController.h; sourceTree = "<group>"; };
		880BA5801F03836300B24122 /* AEController.m */ = {isa = PBXFileReference; fileEncoding = 4; lastKnownFileType = sourcecode.c.objc; path = AEController.m; sourceTree = "<group>"; };
		880BA5821F0383D300B24122 /* AERunInfo.h */ = {isa = PBXFileReference; fileEncoding = 4; lastKnownFileType = sourcecode.c.h; path = AERunInfo.h; sourceTree = "<group>"; };
		880BA5831F0383D300B24122 /* AERunInfo.m */ = {isa = PBXFileReference; fileEncoding = 4; lastKnownFileType = sourcecode.c.objc; path = AERunInfo.m; sourceTree = "<group>"; };
		880BA5851F03840000B24122 /* AEParam.h */ = {isa = PBXFileReference; fileEncoding = 4; lastKnownFileType = sourcecode.c.h; path = AEParam.h; sourceTree = "<group>"; };
		880BA5861F03840000B24122 /* AEParam.m */ = {isa = PBXFileReference; fileEncoding = 4; lastKnownFileType = sourcecode.c.objc; path = AEParam.m; sourceTree = "<group>"; };
		880BA5881F03858900B24122 /* UIView+AnimationEffect.h */ = {isa = PBXFileReference; fileEncoding = 4; lastKnownFileType = sourcecode.c.h; path = "UIView+AnimationEffect.h"; sourceTree = "<group>"; };
		880BA5891F03858900B24122 /* UIView+AnimationEffect.m */ = {isa = PBXFileReference; fileEncoding = 4; lastKnownFileType = sourcecode.c.objc; path = "UIView+AnimationEffect.m"; sourceTree = "<group>"; };
		880BA58B1F03870D00B24122 /* AEConstants.h */ = {isa = PBXFileReference; lastKnownFileType = sourcecode.c.h; path = AEConstants.h; sourceTree = "<group>"; };
		880BA58C1F039FB000B24122 /* UIView+AEBuilder.h */ = {isa = PBXFileReference; fileEncoding = 4; lastKnownFileType = sourcecode.c.h; path = "UIView+AEBuilder.h"; sourceTree = "<group>"; };
		880BA58D1F039FB000B24122 /* UIView+AEBuilder.m */ = {isa = PBXFileReference; fileEncoding = 4; lastKnownFileType = sourcecode.c.objc; path = "UIView+AEBuilder.m"; sourceTree = "<group>"; };
		880BA58F1F03BCDF00B24122 /* UILabel+AEExtension.h */ = {isa = PBXFileReference; fileEncoding = 4; lastKnownFileType = sourcecode.c.h; path = "UILabel+AEExtension.h"; sourceTree = "<group>"; };
		880BA5901F03BCDF00B24122 /* UILabel+AEExtension.m */ = {isa = PBXFileReference; fileEncoding = 4; lastKnownFileType = sourcecode.c.objc; path = "UILabel+AEExtension.m"; sourceTree = "<group>"; };
		88A4650C1F135ABB00EA217A /* AERunInfoCluster.h */ = {isa = PBXFileReference; fileEncoding = 4; lastKnownFileType = sourcecode.c.h; path = AERunInfoCluster.h; sourceTree = "<group>"; };
		88A4650D1F135ABC00EA217A /* AERunInfoCluster.m */ = {isa = PBXFileReference; fileEncoding = 4; lastKnownFileType = sourcecode.c.objc; path = AERunInfoCluster.m; sourceTree = "<group>"; };
		88A4650F1F135EA000EA217A /* AEViewParam.h */ = {isa = PBXFileReference; fileEncoding = 4; lastKnownFileType = sourcecode.c.h; path = AEViewParam.h; sourceTree = "<group>"; };
		88A465101F135EA000EA217A /* AEViewParam.m */ = {isa = PBXFileReference; fileEncoding = 4; lastKnownFileType = sourcecode.c.objc; path = AEViewParam.m; sourceTree = "<group>"; };
/* End PBXFileReference section */

/* Begin PBXFrameworksBuildPhase section */
		880BA55D1F037BEA00B24122 /* Frameworks */ = {
			isa = PBXFrameworksBuildPhase;
			buildActionMask = 2147483647;
			files = (
			);
			runOnlyForDeploymentPostprocessing = 0;
		};
/* End PBXFrameworksBuildPhase section */

/* Begin PBXGroup section */
		880BA5571F037BEA00B24122 = {
			isa = PBXGroup;
			children = (
				880BA57A1F037CFB00B24122 /* AnimationEffectLibrary */,
				880BA5621F037BEA00B24122 /* AnimationEffect */,
				880BA5611F037BEA00B24122 /* Products */,
			);
			sourceTree = "<group>";
		};
		880BA5611F037BEA00B24122 /* Products */ = {
			isa = PBXGroup;
			children = (
				880BA5601F037BEA00B24122 /* AnimationEffect.app */,
			);
			name = Products;
			sourceTree = "<group>";
		};
		880BA5621F037BEA00B24122 /* AnimationEffect */ = {
			isa = PBXGroup;
			children = (
				880BA5661F037BEA00B24122 /* AppDelegate.h */,
				880BA5671F037BEA00B24122 /* AppDelegate.m */,
				880BA5691F037BEA00B24122 /* ViewController.h */,
				880BA56A1F037BEA00B24122 /* ViewController.m */,
				880BA56C1F037BEA00B24122 /* Main.storyboard */,
				880BA56F1F037BEA00B24122 /* Assets.xcassets */,
				880BA5711F037BEA00B24122 /* LaunchScreen.storyboard */,
				880BA5741F037BEA00B24122 /* Info.plist */,
				880BA5631F037BEA00B24122 /* Supporting Files */,
			);
			path = AnimationEffect;
			sourceTree = "<group>";
		};
		880BA5631F037BEA00B24122 /* Supporting Files */ = {
			isa = PBXGroup;
			children = (
				880BA5641F037BEA00B24122 /* main.m */,
			);
			name = "Supporting Files";
			sourceTree = "<group>";
		};
		880BA57A1F037CFB00B24122 /* AnimationEffectLibrary */ = {
			isa = PBXGroup;
			children = (
				880BA57F1F03836300B24122 /* AEController.h */,
				880BA5801F03836300B24122 /* AEController.m */,
				880BA5851F03840000B24122 /* AEParam.h */,
				880BA5861F03840000B24122 /* AEParam.m */,
				88A4650F1F135EA000EA217A /* AEViewParam.h */,
				88A465101F135EA000EA217A /* AEViewParam.m */,
				880BA5821F0383D300B24122 /* AERunInfo.h */,
				880BA5831F0383D300B24122 /* AERunInfo.m */,
				88A4650C1F135ABB00EA217A /* AERunInfoCluster.h */,
				88A4650D1F135ABC00EA217A /* AERunInfoCluster.m */,
				880BA5881F03858900B24122 /* UIView+AnimationEffect.h */,
				880BA5891F03858900B24122 /* UIView+AnimationEffect.m */,
				880BA58C1F039FB000B24122 /* UIView+AEBuilder.h */,
				880BA58D1F039FB000B24122 /* UIView+AEBuilder.m */,
				880BA58F1F03BCDF00B24122 /* UILabel+AEExtension.h */,
				880BA5901F03BCDF00B24122 /* UILabel+AEExtension.m */,
				880BA58B1F03870D00B24122 /* AEConstants.h */,
			);
			path = AnimationEffectLibrary;
			sourceTree = "<group>";
		};
/* End PBXGroup section */

/* Begin PBXNativeTarget section */
		880BA55F1F037BEA00B24122 /* AnimationEffect */ = {
			isa = PBXNativeTarget;
			buildConfigurationList = 880BA5771F037BEA00B24122 /* Build configuration list for PBXNativeTarget "AnimationEffect" */;
			buildPhases = (
				880BA55C1F037BEA00B24122 /* Sources */,
				880BA55D1F037BEA00B24122 /* Frameworks */,
				880BA55E1F037BEA00B24122 /* Resources */,
			);
			buildRules = (
			);
			dependencies = (
			);
			name = AnimationEffect;
			productName = AnimationEffect;
			productReference = 880BA5601F037BEA00B24122 /* AnimationEffect.app */;
			productType = "com.apple.product-type.application";
		};
/* End PBXNativeTarget section */

/* Begin PBXProject section */
		880BA5581F037BEA00B24122 /* Project object */ = {
			isa = PBXProject;
			attributes = {
				LastUpgradeCheck = 0830;
				ORGANIZATIONNAME = FangLei;
				TargetAttributes = {
					880BA55F1F037BEA00B24122 = {
						CreatedOnToolsVersion = 8.3.3;
						DevelopmentTeam = 2QKB72RQTG;
						ProvisioningStyle = Automatic;
					};
				};
			};
			buildConfigurationList = 880BA55B1F037BEA00B24122 /* Build configuration list for PBXProject "AnimationEffect" */;
			compatibilityVersion = "Xcode 3.2";
			developmentRegion = English;
			hasScannedForEncodings = 0;
			knownRegions = (
				en,
				Base,
			);
			mainGroup = 880BA5571F037BEA00B24122;
			productRefGroup = 880BA5611F037BEA00B24122 /* Products */;
			projectDirPath = "";
			projectRoot = "";
			targets = (
				880BA55F1F037BEA00B24122 /* AnimationEffect */,
			);
		};
/* End PBXProject section */

/* Begin PBXResourcesBuildPhase section */
		880BA55E1F037BEA00B24122 /* Resources */ = {
			isa = PBXResourcesBuildPhase;
			buildActionMask = 2147483647;
			files = (
				880BA5731F037BEA00B24122 /* LaunchScreen.storyboard in Resources */,
				880BA5701F037BEA00B24122 /* Assets.xcassets in Resources */,
				880BA56E1F037BEA00B24122 /* Main.storyboard in Resources */,
			);
			runOnlyForDeploymentPostprocessing = 0;
		};
/* End PBXResourcesBuildPhase section */

/* Begin PBXSourcesBuildPhase section */
		880BA55C1F037BEA00B24122 /* Sources */ = {
			isa = PBXSourcesBuildPhase;
			buildActionMask = 2147483647;
			files = (
				88A465111F135EA000EA217A /* AEViewParam.m in Sources */,
				88A4650E1F135ABC00EA217A /* AERunInfoCluster.m in Sources */,
				880BA58E1F039FB000B24122 /* UIView+AEBuilder.m in Sources */,
				880BA56B1F037BEA00B24122 /* ViewController.m in Sources */,
				880BA5871F03840000B24122 /* AEParam.m in Sources */,
				880BA5911F03BCDF00B24122 /* UILabel+AEExtension.m in Sources */,
				880BA5681F037BEA00B24122 /* AppDelegate.m in Sources */,
				880BA5651F037BEA00B24122 /* main.m in Sources */,
				880BA58A1F03858900B24122 /* UIView+AnimationEffect.m in Sources */,
				880BA5811F03836300B24122 /* AEController.m in Sources */,
				880BA5841F0383D300B24122 /* AERunInfo.m in Sources */,
			);
			runOnlyForDeploymentPostprocessing = 0;
		};
/* End PBXSourcesBuildPhase section */

/* Begin PBXVariantGroup section */
		880BA56C1F037BEA00B24122 /* Main.storyboard */ = {
			isa = PBXVariantGroup;
			children = (
				880BA56D1F037BEA00B24122 /* Base */,
			);
			name = Main.storyboard;
			sourceTree = "<group>";
		};
		880BA5711F037BEA00B24122 /* LaunchScreen.storyboard */ = {
			isa = PBXVariantGroup;
			children = (
				880BA5721F037BEA00B24122 /* Base */,
			);
			name = LaunchScreen.storyboard;
			sourceTree = "<group>";
		};
/* End PBXVariantGroup section */

/* Begin XCBuildConfiguration section */
		880BA5751F037BEA00B24122 /* Debug */ = {
			isa = XCBuildConfiguration;
			buildSettings = {
				ALWAYS_SEARCH_USER_PATHS = NO;
				CLANG_ANALYZER_NONNULL = YES;
				CLANG_ANALYZER_NUMBER_OBJECT_CONVERSION = YES_AGGRESSIVE;
				CLANG_CXX_LANGUAGE_STANDARD = "gnu++0x";
				CLANG_CXX_LIBRARY = "libc++";
				CLANG_ENABLE_MODULES = YES;
				CLANG_ENABLE_OBJC_ARC = YES;
				CLANG_WARN_BOOL_CONVERSION = YES;
				CLANG_WARN_CONSTANT_CONVERSION = YES;
				CLANG_WARN_DIRECT_OBJC_ISA_USAGE = YES_ERROR;
				CLANG_WARN_DOCUMENTATION_COMMENTS = YES;
				CLANG_WARN_EMPTY_BODY = YES;
				CLANG_WARN_ENUM_CONVERSION = YES;
				CLANG_WARN_INFINITE_RECURSION = YES;
				CLANG_WARN_INT_CONVERSION = YES;
				CLANG_WARN_OBJC_ROOT_CLASS = YES_ERROR;
				CLANG_WARN_SUSPICIOUS_MOVE = YES;
				CLANG_WARN_UNREACHABLE_CODE = YES;
				CLANG_WARN__DUPLICATE_METHOD_MATCH = YES;
				"CODE_SIGN_IDENTITY[sdk=iphoneos*]" = "iPhone Developer";
				COPY_PHASE_STRIP = NO;
				DEBUG_INFORMATION_FORMAT = dwarf;
				ENABLE_STRICT_OBJC_MSGSEND = YES;
				ENABLE_TESTABILITY = YES;
				GCC_C_LANGUAGE_STANDARD = gnu99;
				GCC_DYNAMIC_NO_PIC = NO;
				GCC_NO_COMMON_BLOCKS = YES;
				GCC_OPTIMIZATION_LEVEL = 0;
				GCC_PREPROCESSOR_DEFINITIONS = (
					"DEBUG=1",
					"$(inherited)",
				);
				GCC_WARN_64_TO_32_BIT_CONVERSION = YES;
				GCC_WARN_ABOUT_RETURN_TYPE = YES_ERROR;
				GCC_WARN_UNDECLARED_SELECTOR = YES;
				GCC_WARN_UNINITIALIZED_AUTOS = YES_AGGRESSIVE;
				GCC_WARN_UNUSED_FUNCTION = YES;
				GCC_WARN_UNUSED_VARIABLE = YES;
				IPHONEOS_DEPLOYMENT_TARGET = 10.3;
				MTL_ENABLE_DEBUG_INFO = YES;
				ONLY_ACTIVE_ARCH = YES;
				SDKROOT = iphoneos;
			};
			name = Debug;
		};
		880BA5761F037BEA00B24122 /* Release */ = {
			isa = XCBuildConfiguration;
			buildSettings = {
				ALWAYS_SEARCH_USER_PATHS = NO;
				CLANG_ANALYZER_NONNULL = YES;
				CLANG_ANALYZER_NUMBER_OBJECT_CONVERSION = YES_AGGRESSIVE;
				CLANG_CXX_LANGUAGE_STANDARD = "gnu++0x";
				CLANG_CXX_LIBRARY = "libc++";
				CLANG_ENABLE_MODULES = YES;
				CLANG_ENABLE_OBJC_ARC = YES;
				CLANG_WARN_BOOL_CONVERSION = YES;
				CLANG_WARN_CONSTANT_CONVERSION = YES;
				CLANG_WARN_DIRECT_OBJC_ISA_USAGE = YES_ERROR;
				CLANG_WARN_DOCUMENTATION_COMMENTS = YES;
				CLANG_WARN_EMPTY_BODY = YES;
				CLANG_WARN_ENUM_CONVERSION = YES;
				CLANG_WARN_INFINITE_RECURSION = YES;
				CLANG_WARN_INT_CONVERSION = YES;
				CLANG_WARN_OBJC_ROOT_CLASS = YES_ERROR;
				CLANG_WARN_SUSPICIOUS_MOVE = YES;
				CLANG_WARN_UNREACHABLE_CODE = YES;
				CLANG_WARN__DUPLICATE_METHOD_MATCH = YES;
				"CODE_SIGN_IDENTITY[sdk=iphoneos*]" = "iPhone Developer";
				COPY_PHASE_STRIP = NO;
				DEBUG_INFORMATION_FORMAT = "dwarf-with-dsym";
				ENABLE_NS_ASSERTIONS = NO;
				ENABLE_STRICT_OBJC_MSGSEND = YES;
				GCC_C_LANGUAGE_STANDARD = gnu99;
				GCC_NO_COMMON_BLOCKS = YES;
				GCC_WARN_64_TO_32_BIT_CONVERSION = YES;
				GCC_WARN_ABOUT_RETURN_TYPE = YES_ERROR;
				GCC_WARN_UNDECLARED_SELECTOR = YES;
				GCC_WARN_UNINITIALIZED_AUTOS = YES_AGGRESSIVE;
				GCC_WARN_UNUSED_FUNCTION = YES;
				GCC_WARN_UNUSED_VARIABLE = YES;
				IPHONEOS_DEPLOYMENT_TARGET = 10.3;
				MTL_ENABLE_DEBUG_INFO = NO;
				SDKROOT = iphoneos;
				VALIDATE_PRODUCT = YES;
			};
			name = Release;
		};
		880BA5781F037BEA00B24122 /* Debug */ = {
			isa = XCBuildConfiguration;
			buildSettings = {
				ASSETCATALOG_COMPILER_APPICON_NAME = AppIcon;
				DEVELOPMENT_TEAM = 2QKB72RQTG;
				INFOPLIST_FILE = AnimationEffect/Info.plist;
				LD_RUNPATH_SEARCH_PATHS = "$(inherited) @executable_path/Frameworks";
				PRODUCT_BUNDLE_IDENTIFIER = FangLei.AnimationEffect;
				PRODUCT_NAME = "$(TARGET_NAME)";
			};
			name = Debug;
		};
		880BA5791F037BEA00B24122 /* Release */ = {
			isa = XCBuildConfiguration;
			buildSettings = {
				ASSETCATALOG_COMPILER_APPICON_NAME = AppIcon;
				DEVELOPMENT_TEAM = 2QKB72RQTG;
				INFOPLIST_FILE = AnimationEffect/Info.plist;
				LD_RUNPATH_SEARCH_PATHS = "$(inherited) @executable_path/Frameworks";
				PRODUCT_BUNDLE_IDENTIFIER = FangLei.AnimationEffect;
				PRODUCT_NAME = "$(TARGET_NAME)";
			};
			name = Release;
		};
/* End XCBuildConfiguration section */

/* Begin XCConfigurationList section */
		880BA55B1F037BEA00B24122 /* Build configuration list for PBXProject "AnimationEffect" */ = {
			isa = XCConfigurationList;
			buildConfigurations = (
				880BA5751F037BEA00B24122 /* Debug */,
				880BA5761F037BEA00B24122 /* Release */,
			);
			defaultConfigurationIsVisible = 0;
			defaultConfigurationName = Release;
		};
		880BA5771F037BEA00B24122 /* Build configuration list for PBXNativeTarget "AnimationEffect" */ = {
			isa = XCConfigurationList;
			buildConfigurations = (
				880BA5781F037BEA00B24122 /* Debug */,
				880BA5791F037BEA00B24122 /* Release */,
			);
			defaultConfigurationIsVisible = 0;
			defaultConfigurationName = Release;
		};
/* End XCConfigurationList section */
	};
	rootObject = 880BA5581F037BEA00B24122 /* Project object */;
}
